
Microsoft Visual Studio Solution File, Format Version 12.00
# Visual Studio 15
VisualStudioVersion = 15.0.26430.16
MinimumVisualStudioVersion = 10.0.40219.1
Project("{F2A71F9B-5D33-465A-A702-920D77279786}") = "ArgDumper", "ArgDumper\ArgDumper.fsproj", "{2DD8CA10-2FC7-4CC8-A9D9-6639CC888CF2}"
EndProject
Project("{2150E333-8FDC-42A3-9474-1A3956D46DE8}") = "Solution Items", "Solution Items", "{F2D0403A-C0D0-4006-981B-369962BC3115}"
	ProjectSection(SolutionItems) = preProject
		.gitattributes = .gitattributes
		.gitignore = .gitignore
	EndProjectSection
EndProject
Global
	GlobalSection(SolutionConfigurationPlatforms) = preSolution
		Debug|Any CPU = Debug|Any CPU
		Release|Any CPU = Release|Any CPU
	EndGlobalSection
	GlobalSection(ProjectConfigurationPlatforms) = postSolution
		{2DD8CA10-2FC7-4CC8-A9D9-6639CC888CF2}.Debug|Any CPU.ActiveCfg = Debug|Any CPU
		{2DD8CA10-2FC7-4CC8-A9D9-6639CC888CF2}.Debug|Any CPU.Build.0 = Debug|Any CPU
		{2DD8CA10-2FC7-4CC8-A9D9-6639CC888CF2}.Release|Any CPU.ActiveCfg = Release|Any CPU
		{2DD8CA10-2FC7-4CC8-A9D9-6639CC888CF2}.Release|Any CPU.Build.0 = Release|Any CPU
	EndGlobalSection
	GlobalSection(SolutionProperties) = preSolution
		HideSolutionNode = FALSE
	EndGlobalSection
EndGlobal
